
Microsoft Visual Studio Solution File, Format Version 12.00
# Visual Studio Version 16
VisualStudioVersion = 16.0.32602.291
MinimumVisualStudioVersion = 10.0.40219.1
Project("{888888A0-9F3D-457C-B088-3A5042F75D52}") = "PythonLab3-1-1-11", "PythonLab3-1-1-11\PythonLab3-1-1-11.pyproj", "{5FFAE0C7-4252-4C42-A76C-0425E6FA4388}"
EndProject
Global
	GlobalSection(SolutionConfigurationPlatforms) = preSolution
		Debug|Any CPU = Debug|Any CPU
		Release|Any CPU = Release|Any CPU
	EndGlobalSection
	GlobalSection(ProjectConfigurationPlatforms) = postSolution
		{5FFAE0C7-4252-4C42-A76C-0425E6FA4388}.Debug|Any CPU.ActiveCfg = Debug|Any CPU
		{5FFAE0C7-4252-4C42-A76C-0425E6FA4388}.Release|Any CPU.ActiveCfg = Release|Any CPU
	EndGlobalSection
	GlobalSection(SolutionProperties) = preSolution
		HideSolutionNode = FALSE
	EndGlobalSection
	GlobalSection(ExtensibilityGlobals) = postSolution
		SolutionGuid = {92C82D63-52A9-4383-B535-6034C72AA933}
	EndGlobalSection
EndGlobal
